
Microsoft Visual Studio Solution File, Format Version 12.00
# Visual Studio Version 17
VisualStudioVersion = 17.3.32819.101
MinimumVisualStudioVersion = 10.0.40219.1
Project("{9A19103F-16F7-4668-BE54-9A1E7A4F7556}") = "IccProfileNet", "IccProfileNet\IccProfileNet.csproj", "{F24980CF-FFF4-4529-9F85-798CF6379A3C}"
EndProject
Project("{9A19103F-16F7-4668-BE54-9A1E7A4F7556}") = "IccProfileNet.Tests", "IccProfileNet.Tests\IccProfileNet.Tests.csproj", "{B7581D3C-9ABE-4C48-80C8-E683408E8329}"
EndProject
Global
	GlobalSection(SolutionConfigurationPlatforms) = preSolution
		Debug|Any CPU = Debug|Any CPU
		Release|Any CPU = Release|Any CPU
	EndGlobalSection
	GlobalSection(ProjectConfigurationPlatforms) = postSolution
		{F24980CF-FFF4-4529-9F85-798CF6379A3C}.Debug|Any CPU.ActiveCfg = Debug|Any CPU
		{F24980CF-FFF4-4529-9F85-798CF6379A3C}.Debug|Any CPU.Build.0 = Debug|Any CPU
		{F24980CF-FFF4-4529-9F85-798CF6379A3C}.Release|Any CPU.ActiveCfg = Release|Any CPU
		{F24980CF-FFF4-4529-9F85-798CF6379A3C}.Release|Any CPU.Build.0 = Release|Any CPU
		{B7581D3C-9ABE-4C48-80C8-E683408E8329}.Debug|Any CPU.ActiveCfg = Debug|Any CPU
		{B7581D3C-9ABE-4C48-80C8-E683408E8329}.Debug|Any CPU.Build.0 = Debug|Any CPU
		{B7581D3C-9ABE-4C48-80C8-E683408E8329}.Release|Any CPU.ActiveCfg = Release|Any CPU
		{B7581D3C-9ABE-4C48-80C8-E683408E8329}.Release|Any CPU.Build.0 = Release|Any CPU
	EndGlobalSection
	GlobalSection(SolutionProperties) = preSolution
		HideSolutionNode = FALSE
	EndGlobalSection
	GlobalSection(ExtensibilityGlobals) = postSolution
		SolutionGuid = {4D4C2BF8-FD1E-492F-BF64-9C00C3D3A388}
	EndGlobalSection
EndGlobal
